
Microsoft Visual Studio Solution File, Format Version 12.00
# Visual Studio Version 17
VisualStudioVersion = 17.9.34607.119
MinimumVisualStudioVersion = 10.0.40219.1
Project("{FAE04EC0-301F-11D3-BF4B-00C04F79EFBC}") = "Code-First", "Code-First.csproj", "{DEA16AC8-E859-42E1-AFDD-9B355E695E78}"
EndProject
Global
	GlobalSection(SolutionConfigurationPlatforms) = preSolution
		Debug|Any CPU = Debug|Any CPU
		Release|Any CPU = Release|Any CPU
	EndGlobalSection
	GlobalSection(ProjectConfigurationPlatforms) = postSolution
		{DEA16AC8-E859-42E1-AFDD-9B355E695E78}.Debug|Any CPU.ActiveCfg = Debug|Any CPU
		{DEA16AC8-E859-42E1-AFDD-9B355E695E78}.Debug|Any CPU.Build.0 = Debug|Any CPU
		{DEA16AC8-E859-42E1-AFDD-9B355E695E78}.Release|Any CPU.ActiveCfg = Release|Any CPU
		{DEA16AC8-E859-42E1-AFDD-9B355E695E78}.Release|Any CPU.Build.0 = Release|Any CPU
	EndGlobalSection
	GlobalSection(SolutionProperties) = preSolution
		HideSolutionNode = FALSE
	EndGlobalSection
	GlobalSection(ExtensibilityGlobals) = postSolution
		SolutionGuid = {364230D5-27B3-4D63-8B19-66248FA05CBA}
	EndGlobalSection
EndGlobal
